
Microsoft Visual Studio Solution File, Format Version 12.00
# Visual Studio Version 17
VisualStudioVersion = 17.4.33213.308
MinimumVisualStudioVersion = 10.0.40219.1
Project("{FAE04EC0-301F-11D3-BF4B-00C04F79EFBC}") = "SignalRYoutube", "SignalRYoutube\SignalRYoutube.csproj", "{C8218DDE-A561-475B-9110-4B6C7982E8EE}"
EndProject
Global
	GlobalSection(SolutionConfigurationPlatforms) = preSolution
		Debug|Any CPU = Debug|Any CPU
		Release|Any CPU = Release|Any CPU
	EndGlobalSection
	GlobalSection(ProjectConfigurationPlatforms) = postSolution
		{C8218DDE-A561-475B-9110-4B6C7982E8EE}.Debug|Any CPU.ActiveCfg = Debug|Any CPU
		{C8218DDE-A561-475B-9110-4B6C7982E8EE}.Debug|Any CPU.Build.0 = Debug|Any CPU
		{C8218DDE-A561-475B-9110-4B6C7982E8EE}.Release|Any CPU.ActiveCfg = Release|Any CPU
		{C8218DDE-A561-475B-9110-4B6C7982E8EE}.Release|Any CPU.Build.0 = Release|Any CPU
	EndGlobalSection
	GlobalSection(SolutionProperties) = preSolution
		HideSolutionNode = FALSE
	EndGlobalSection
	GlobalSection(ExtensibilityGlobals) = postSolution
		SolutionGuid = {A7D15AF3-87C9-43A1-AA76-965B702F465A}
	EndGlobalSection
EndGlobal
